
Microsoft Visual Studio Solution File, Format Version 12.00
# Visual Studio 14
VisualStudioVersion = 14.0.25420.1
MinimumVisualStudioVersion = 10.0.40219.1
Project("{FAE04EC0-301F-11D3-BF4B-00C04F79EFBC}") = "Egor92.CollectionExtensions", "Egor92.CollectionExtensions\Egor92.CollectionExtensions.csproj", "{0E1EEDAC-2370-4E5B-BC35-6551EAC01DEA}"
EndProject
Project("{FAE04EC0-301F-11D3-BF4B-00C04F79EFBC}") = "Egor92.CollectionExtensions.Tests", "Egor92.CollectionExtensions.Tests\Egor92.CollectionExtensions.Tests.csproj", "{92526866-20E1-45FA-9EE5-FFEDA268FA0C}"
EndProject
Global
	GlobalSection(SolutionConfigurationPlatforms) = preSolution
		Debug|Any CPU = Debug|Any CPU
		Release|Any CPU = Release|Any CPU
	EndGlobalSection
	GlobalSection(ProjectConfigurationPlatforms) = postSolution
		{0E1EEDAC-2370-4E5B-BC35-6551EAC01DEA}.Debug|Any CPU.ActiveCfg = Debug|Any CPU
		{0E1EEDAC-2370-4E5B-BC35-6551EAC01DEA}.Debug|Any CPU.Build.0 = Debug|Any CPU
		{0E1EEDAC-2370-4E5B-BC35-6551EAC01DEA}.Release|Any CPU.ActiveCfg = Release|Any CPU
		{0E1EEDAC-2370-4E5B-BC35-6551EAC01DEA}.Release|Any CPU.Build.0 = Release|Any CPU
		{92526866-20E1-45FA-9EE5-FFEDA268FA0C}.Debug|Any CPU.ActiveCfg = Debug|Any CPU
		{92526866-20E1-45FA-9EE5-FFEDA268FA0C}.Debug|Any CPU.Build.0 = Debug|Any CPU
		{92526866-20E1-45FA-9EE5-FFEDA268FA0C}.Release|Any CPU.ActiveCfg = Release|Any CPU
		{92526866-20E1-45FA-9EE5-FFEDA268FA0C}.Release|Any CPU.Build.0 = Release|Any CPU
	EndGlobalSection
	GlobalSection(SolutionProperties) = preSolution
		HideSolutionNode = FALSE
	EndGlobalSection
EndGlobal
